
Microsoft Visual Studio Solution File, Format Version 12.00
# Visual Studio 2013
VisualStudioVersion = 12.0.31101.0
MinimumVisualStudioVersion = 10.0.40219.1
Project("{FAE04EC0-301F-11D3-BF4B-00C04F79EFBC}") = "NMEA2OSGdemo", "NMEA2OSGdemo\NMEA2OSGdemo.csproj", "{88E2622C-3287-4C10-B38E-097E8D273236}"
EndProject
Project("{FAE04EC0-301F-11D3-BF4B-00C04F79EFBC}") = "SmileWei.EmbeddedApp", "SmileWei.EmbeddedApp\SmileWei.EmbeddedApp.csproj", "{90B74ADF-891A-47E2-922C-450BE2271164}"
EndProject
Global
	GlobalSection(SolutionConfigurationPlatforms) = preSolution
		Debug|Any CPU = Debug|Any CPU
		Release|Any CPU = Release|Any CPU
	EndGlobalSection
	GlobalSection(ProjectConfigurationPlatforms) = postSolution
		{88E2622C-3287-4C10-B38E-097E8D273236}.Debug|Any CPU.ActiveCfg = Debug|Any CPU
		{88E2622C-3287-4C10-B38E-097E8D273236}.Debug|Any CPU.Build.0 = Debug|Any CPU
		{88E2622C-3287-4C10-B38E-097E8D273236}.Release|Any CPU.ActiveCfg = Release|Any CPU
		{88E2622C-3287-4C10-B38E-097E8D273236}.Release|Any CPU.Build.0 = Release|Any CPU
		{90B74ADF-891A-47E2-922C-450BE2271164}.Debug|Any CPU.ActiveCfg = Debug|Any CPU
		{90B74ADF-891A-47E2-922C-450BE2271164}.Debug|Any CPU.Build.0 = Debug|Any CPU
		{90B74ADF-891A-47E2-922C-450BE2271164}.Release|Any CPU.ActiveCfg = Release|Any CPU
		{90B74ADF-891A-47E2-922C-450BE2271164}.Release|Any CPU.Build.0 = Release|Any CPU
	EndGlobalSection
	GlobalSection(SolutionProperties) = preSolution
		HideSolutionNode = FALSE
	EndGlobalSection
EndGlobal
